
Microsoft Visual Studio Solution File, Format Version 12.00
# Visual Studio 2015
Project("{FAE04EC0-301F-11D3-BF4B-00C04F79EFBC}") = "Leveled.Plugins", "Leveled.Plugins.csproj", "{6C0A29E4-6E90-8800-0689-AA2A9152BB02}"
EndProject
Project("{FAE04EC0-301F-11D3-BF4B-00C04F79EFBC}") = "Leveled", "Leveled.csproj", "{BB99AF44-1F76-4A3F-57F0-23364AF58EF1}"
EndProject
Global
	GlobalSection(SolutionConfigurationPlatforms) = preSolution
		Debug|Any CPU = Debug|Any CPU
		Release|Any CPU = Release|Any CPU
	EndGlobalSection
	GlobalSection(ProjectConfigurationPlatforms) = postSolution
		{6C0A29E4-6E90-8800-0689-AA2A9152BB02}.Debug|Any CPU.ActiveCfg = Debug|Any CPU
		{6C0A29E4-6E90-8800-0689-AA2A9152BB02}.Debug|Any CPU.Build.0 = Debug|Any CPU
		{6C0A29E4-6E90-8800-0689-AA2A9152BB02}.Release|Any CPU.ActiveCfg = Release|Any CPU
		{6C0A29E4-6E90-8800-0689-AA2A9152BB02}.Release|Any CPU.Build.0 = Release|Any CPU
		{BB99AF44-1F76-4A3F-57F0-23364AF58EF1}.Debug|Any CPU.ActiveCfg = Debug|Any CPU
		{BB99AF44-1F76-4A3F-57F0-23364AF58EF1}.Debug|Any CPU.Build.0 = Debug|Any CPU
		{BB99AF44-1F76-4A3F-57F0-23364AF58EF1}.Release|Any CPU.ActiveCfg = Release|Any CPU
		{BB99AF44-1F76-4A3F-57F0-23364AF58EF1}.Release|Any CPU.Build.0 = Release|Any CPU
	EndGlobalSection
	GlobalSection(SolutionProperties) = preSolution
		HideSolutionNode = FALSE
	EndGlobalSection
EndGlobal
