
Microsoft Visual Studio Solution File, Format Version 11.00
# Visual Studio 2010
Project("{FAE04EC0-301F-11D3-BF4B-00C04F79EFBC}") = "Leveled", "Assembly-CSharp-firstpass.csproj", "{7BD1D357-6208-3532-3AD2-C5603A9907AF}"
EndProject
Project("{FAE04EC0-301F-11D3-BF4B-00C04F79EFBC}") = "Leveled", "Assembly-CSharp.csproj", "{4A1DECD6-F4A9-07A4-B5A4-25101C329EF9}"
EndProject
Global
	GlobalSection(SolutionConfigurationPlatforms) = preSolution
		Debug|Any CPU = Debug|Any CPU
		Release|Any CPU = Release|Any CPU
	EndGlobalSection
	GlobalSection(ProjectConfigurationPlatforms) = postSolution
		{7BD1D357-6208-3532-3AD2-C5603A9907AF}.Debug|Any CPU.ActiveCfg = Debug|Any CPU
		{7BD1D357-6208-3532-3AD2-C5603A9907AF}.Debug|Any CPU.Build.0 = Debug|Any CPU
		{7BD1D357-6208-3532-3AD2-C5603A9907AF}.Release|Any CPU.ActiveCfg = Release|Any CPU
		{7BD1D357-6208-3532-3AD2-C5603A9907AF}.Release|Any CPU.Build.0 = Release|Any CPU
		{4A1DECD6-F4A9-07A4-B5A4-25101C329EF9}.Debug|Any CPU.ActiveCfg = Debug|Any CPU
		{4A1DECD6-F4A9-07A4-B5A4-25101C329EF9}.Debug|Any CPU.Build.0 = Debug|Any CPU
		{4A1DECD6-F4A9-07A4-B5A4-25101C329EF9}.Release|Any CPU.ActiveCfg = Release|Any CPU
		{4A1DECD6-F4A9-07A4-B5A4-25101C329EF9}.Release|Any CPU.Build.0 = Release|Any CPU
	EndGlobalSection
	GlobalSection(SolutionProperties) = preSolution
		HideSolutionNode = FALSE
	EndGlobalSection
	GlobalSection(MonoDevelopProperties) = preSolution
		StartupItem = Assembly-CSharp.csproj
	EndGlobalSection
EndGlobal
